
Microsoft Visual Studio Solution File, Format Version 12.00
# Visual Studio Version 17
VisualStudioVersion = 17.10.34916.146
MinimumVisualStudioVersion = 10.0.40219.1
Project("{FAE04EC0-301F-11D3-BF4B-00C04F79EFBC}") = "LR№7", "LR№7.csproj", "{A669BA8A-FADF-41DA-8D58-A62AB93433FD}"
EndProject
Global
	GlobalSection(SolutionConfigurationPlatforms) = preSolution
		Debug|Any CPU = Debug|Any CPU
		Release|Any CPU = Release|Any CPU
	EndGlobalSection
	GlobalSection(ProjectConfigurationPlatforms) = postSolution
		{A669BA8A-FADF-41DA-8D58-A62AB93433FD}.Debug|Any CPU.ActiveCfg = Debug|Any CPU
		{A669BA8A-FADF-41DA-8D58-A62AB93433FD}.Debug|Any CPU.Build.0 = Debug|Any CPU
		{A669BA8A-FADF-41DA-8D58-A62AB93433FD}.Release|Any CPU.ActiveCfg = Release|Any CPU
		{A669BA8A-FADF-41DA-8D58-A62AB93433FD}.Release|Any CPU.Build.0 = Release|Any CPU
	EndGlobalSection
	GlobalSection(SolutionProperties) = preSolution
		HideSolutionNode = FALSE
	EndGlobalSection
	GlobalSection(ExtensibilityGlobals) = postSolution
		SolutionGuid = {9239C47D-5AEF-431B-BC81-A7DBFE4185F7}
	EndGlobalSection
EndGlobal
